
Microsoft Visual Studio Solution File, Format Version 12.00
# Visual Studio Version 17
VisualStudioVersion = 17.6.33815.320
MinimumVisualStudioVersion = 10.0.40219.1
Project("{9A19103F-16F7-4668-BE54-9A1E7A4F7556}") = "SMSMicroService", "SMSMicroserviceService\SMSMicroserviceService\SMSMicroService.csproj", "{828B3122-40FB-4EED-BBA2-8F066EDACE71}"
EndProject
Project("{9A19103F-16F7-4668-BE54-9A1E7A4F7556}") = "SMSApi", "SampleSMSApi\SMSApi\SMSApi.csproj", "{A64D7379-AAAC-423A-8A4A-415DF574F198}"
EndProject
Project("{9A19103F-16F7-4668-BE54-9A1E7A4F7556}") = "SMSMicroService.Tests", "SMSMicroService.Tests\SMSMicroService.Tests.csproj", "{3591BC8C-61B5-4533-AB9B-47D3DD9E8B23}"
EndProject
Global
	GlobalSection(SolutionConfigurationPlatforms) = preSolution
		Debug|Any CPU = Debug|Any CPU
		Release|Any CPU = Release|Any CPU
	EndGlobalSection
	GlobalSection(ProjectConfigurationPlatforms) = postSolution
		{828B3122-40FB-4EED-BBA2-8F066EDACE71}.Debug|Any CPU.ActiveCfg = Debug|Any CPU
		{828B3122-40FB-4EED-BBA2-8F066EDACE71}.Debug|Any CPU.Build.0 = Debug|Any CPU
		{828B3122-40FB-4EED-BBA2-8F066EDACE71}.Release|Any CPU.ActiveCfg = Release|Any CPU
		{828B3122-40FB-4EED-BBA2-8F066EDACE71}.Release|Any CPU.Build.0 = Release|Any CPU
		{A64D7379-AAAC-423A-8A4A-415DF574F198}.Debug|Any CPU.ActiveCfg = Debug|Any CPU
		{A64D7379-AAAC-423A-8A4A-415DF574F198}.Debug|Any CPU.Build.0 = Debug|Any CPU
		{A64D7379-AAAC-423A-8A4A-415DF574F198}.Release|Any CPU.ActiveCfg = Release|Any CPU
		{A64D7379-AAAC-423A-8A4A-415DF574F198}.Release|Any CPU.Build.0 = Release|Any CPU
		{3591BC8C-61B5-4533-AB9B-47D3DD9E8B23}.Debug|Any CPU.ActiveCfg = Debug|Any CPU
		{3591BC8C-61B5-4533-AB9B-47D3DD9E8B23}.Debug|Any CPU.Build.0 = Debug|Any CPU
		{3591BC8C-61B5-4533-AB9B-47D3DD9E8B23}.Release|Any CPU.ActiveCfg = Release|Any CPU
		{3591BC8C-61B5-4533-AB9B-47D3DD9E8B23}.Release|Any CPU.Build.0 = Release|Any CPU
	EndGlobalSection
	GlobalSection(SolutionProperties) = preSolution
		HideSolutionNode = FALSE
	EndGlobalSection
	GlobalSection(ExtensibilityGlobals) = postSolution
		SolutionGuid = {F7EF410D-AA90-4DDE-BFC9-6FDED91814E2}
	EndGlobalSection
EndGlobal
